
Microsoft Visual Studio Solution File, Format Version 12.00
# Visual Studio Version 16
VisualStudioVersion = 16.0.31515.178
MinimumVisualStudioVersion = 10.0.40219.1
Project("{FAE04EC0-301F-11D3-BF4B-00C04F79EFBC}") = "LibAdmin", "LibAdmin\LibAdmin.csproj", "{BA352381-148D-4DA7-9B63-DE7CBFD12A9E}"
EndProject
Global
	GlobalSection(SolutionConfigurationPlatforms) = preSolution
		Debug|Any CPU = Debug|Any CPU
		Release|Any CPU = Release|Any CPU
	EndGlobalSection
	GlobalSection(ProjectConfigurationPlatforms) = postSolution
		{BA352381-148D-4DA7-9B63-DE7CBFD12A9E}.Debug|Any CPU.ActiveCfg = Debug|Any CPU
		{BA352381-148D-4DA7-9B63-DE7CBFD12A9E}.Debug|Any CPU.Build.0 = Debug|Any CPU
		{BA352381-148D-4DA7-9B63-DE7CBFD12A9E}.Release|Any CPU.ActiveCfg = Release|Any CPU
		{BA352381-148D-4DA7-9B63-DE7CBFD12A9E}.Release|Any CPU.Build.0 = Release|Any CPU
	EndGlobalSection
	GlobalSection(SolutionProperties) = preSolution
		HideSolutionNode = FALSE
	EndGlobalSection
	GlobalSection(ExtensibilityGlobals) = postSolution
		SolutionGuid = {6EA473BB-F05B-43E9-B585-8D8D0A0D178F}
	EndGlobalSection
EndGlobal
